// !$*UTF8*$!
{
	archiveVersion = 1;
	classes = {
	};
	objectVersion = 50;
	objects = {

/* Begin PBXBuildFile section */
		CFCC947720F6B5B700208879 /* AppDelegate.swift in Sources */ = {isa = PBXBuildFile; fileRef = CFCC947620F6B5B700208879 /* AppDelegate.swift */; };
		CFCC947920F6B5B700208879 /* ViewController.swift in Sources */ = {isa = PBXBuildFile; fileRef = CFCC947820F6B5B700208879 /* ViewController.swift */; };
		CFCC947C20F6B5B700208879 /* Main.storyboard in Resources */ = {isa = PBXBuildFile; fileRef = CFCC947A20F6B5B700208879 /* Main.storyboard */; };
		CFCC947F20F6B5B700208879 /* Dogs.xcdatamodeld in Sources */ = {isa = PBXBuildFile; fileRef = CFCC947D20F6B5B700208879 /* Dogs.xcdatamodeld */; };
		CFCC948120F6B5B800208879 /* Assets.xcassets in Resources */ = {isa = PBXBuildFile; fileRef = CFCC948020F6B5B800208879 /* Assets.xcassets */; };
		CFCC948420F6B5B800208879 /* LaunchScreen.storyboard in Resources */ = {isa = PBXBuildFile; fileRef = CFCC948220F6B5B800208879 /* LaunchScreen.storyboard */; };
		CFCC948C20F6B9F400208879 /* uploadPic.jpg in Resources */ = {isa = PBXBuildFile; fileRef = CFCC948B20F6B9F300208879 /* uploadPic.jpg */; };
		CFCC948E20F6BC1000208879 /* AddVC.swift in Sources */ = {isa = PBXBuildFile; fileRef = CFCC948D20F6BC1000208879 /* AddVC.swift */; };
		CFCC949020F6C8BF00208879 /* CustomCell.swift in Sources */ = {isa = PBXBuildFile; fileRef = CFCC948F20F6C8BF00208879 /* CustomCell.swift */; };
		CFCC949220F6DDEF00208879 /* EditVC.swift in Sources */ = {isa = PBXBuildFile; fileRef = CFCC949120F6DDEF00208879 /* EditVC.swift */; };
/* End PBXBuildFile section */

/* Begin PBXFileReference section */
		CFCC947320F6B5B700208879 /* Dogs.app */ = {isa = PBXFileReference; explicitFileType = wrapper.application; includeInIndex = 0; path = Dogs.app; sourceTree = BUILT_PRODUCTS_DIR; };
		CFCC947620F6B5B700208879 /* AppDelegate.swift */ = {isa = PBXFileReference; lastKnownFileType = sourcecode.swift; path = AppDelegate.swift; sourceTree = "<group>"; };
		CFCC947820F6B5B700208879 /* ViewController.swift */ = {isa = PBXFileReference; lastKnownFileType = sourcecode.swift; path = ViewController.swift; sourceTree = "<group>"; };
		CFCC947B20F6B5B700208879 /* Base */ = {isa = PBXFileReference; lastKnownFileType = file.storyboard; name = Base; path = Base.lproj/Main.storyboard; sourceTree = "<group>"; };
		CFCC947E20F6B5B700208879 /* Dogs.xcdatamodel */ = {isa = PBXFileReference; lastKnownFileType = wrapper.xcdatamodel; path = Dogs.xcdatamodel; sourceTree = "<group>"; };
		CFCC948020F6B5B800208879 /* Assets.xcassets */ = {isa = PBXFileReference; lastKnownFileType = folder.assetcatalog; path = Assets.xcassets; sourceTree = "<group>"; };
		CFCC948320F6B5B800208879 /* Base */ = {isa = PBXFileReference; lastKnownFileType = file.storyboard; name = Base; path = Base.lproj/LaunchScreen.storyboard; sourceTree = "<group>"; };
		CFCC948520F6B5B800208879 /* Info.plist */ = {isa = PBXFileReference; lastKnownFileType = text.plist.xml; path = Info.plist; sourceTree = "<group>"; };
		CFCC948B20F6B9F300208879 /* uploadPic.jpg */ = {isa = PBXFileReference; lastKnownFileType = image.jpeg; name = uploadPic.jpg; path = Dogs/uploadPic.jpg; sourceTree = "<group>"; };
		CFCC948D20F6BC1000208879 /* AddVC.swift */ = {isa = PBXFileReference; lastKnownFileType = sourcecode.swift; path = AddVC.swift; sourceTree = "<group>"; };
		CFCC948F20F6C8BF00208879 /* CustomCell.swift */ = {isa = PBXFileReference; lastKnownFileType = sourcecode.swift; path = CustomCell.swift; sourceTree = "<group>"; };
		CFCC949120F6DDEF00208879 /* EditVC.swift */ = {isa = PBXFileReference; lastKnownFileType = sourcecode.swift; path = EditVC.swift; sourceTree = "<group>"; };
/* End PBXFileReference section */

/* Begin PBXFrameworksBuildPhase section */
		CFCC947020F6B5B700208879 /* Frameworks */ = {
			isa = PBXFrameworksBuildPhase;
			buildActionMask = 2147483647;
			files = (
			);
			runOnlyForDeploymentPostprocessing = 0;
		};
/* End PBXFrameworksBuildPhase section */

/* Begin PBXGroup section */
		CFCC946A20F6B5B700208879 = {
			isa = PBXGroup;
			children = (
				CFCC948B20F6B9F300208879 /* uploadPic.jpg */,
				CFCC947520F6B5B700208879 /* Dogs */,
				CFCC947420F6B5B700208879 /* Products */,
			);
			sourceTree = "<group>";
		};
		CFCC947420F6B5B700208879 /* Products */ = {
			isa = PBXGroup;
			children = (
				CFCC947320F6B5B700208879 /* Dogs.app */,
			);
			name = Products;
			sourceTree = "<group>";
		};
		CFCC947520F6B5B700208879 /* Dogs */ = {
			isa = PBXGroup;
			children = (
				CFCC949120F6DDEF00208879 /* EditVC.swift */,
				CFCC948F20F6C8BF00208879 /* CustomCell.swift */,
				CFCC947620F6B5B700208879 /* AppDelegate.swift */,
				CFCC947820F6B5B700208879 /* ViewController.swift */,
				CFCC947A20F6B5B700208879 /* Main.storyboard */,
				CFCC948020F6B5B800208879 /* Assets.xcassets */,
				CFCC948D20F6BC1000208879 /* AddVC.swift */,
				CFCC948220F6B5B800208879 /* LaunchScreen.storyboard */,
				CFCC948520F6B5B800208879 /* Info.plist */,
				CFCC947D20F6B5B700208879 /* Dogs.xcdatamodeld */,
			);
			path = Dogs;
			sourceTree = "<group>";
		};
/* End PBXGroup section */

/* Begin PBXNativeTarget section */
		CFCC947220F6B5B700208879 /* Dogs */ = {
			isa = PBXNativeTarget;
			buildConfigurationList = CFCC948820F6B5B800208879 /* Build configuration list for PBXNativeTarget "Dogs" */;
			buildPhases = (
				CFCC946F20F6B5B700208879 /* Sources */,
				CFCC947020F6B5B700208879 /* Frameworks */,
				CFCC947120F6B5B700208879 /* Resources */,
			);
			buildRules = (
			);
			dependencies = (
			);
			name = Dogs;
			productName = Dogs;
			productReference = CFCC947320F6B5B700208879 /* Dogs.app */;
			productType = "com.apple.product-type.application";
		};
/* End PBXNativeTarget section */

/* Begin PBXProject section */
		CFCC946B20F6B5B700208879 /* Project object */ = {
			isa = PBXProject;
			attributes = {
				LastSwiftUpdateCheck = 0940;
				LastUpgradeCheck = 0940;
				ORGANIZATIONNAME = AshwinMahesh;
				TargetAttributes = {
					CFCC947220F6B5B700208879 = {
						CreatedOnToolsVersion = 9.4.1;
					};
				};
			};
			buildConfigurationList = CFCC946E20F6B5B700208879 /* Build configuration list for PBXProject "Dogs" */;
			compatibilityVersion = "Xcode 9.3";
			developmentRegion = en;
			hasScannedForEncodings = 0;
			knownRegions = (
				en,
				Base,
			);
			mainGroup = CFCC946A20F6B5B700208879;
			productRefGroup = CFCC947420F6B5B700208879 /* Products */;
			projectDirPath = "";
			projectRoot = "";
			targets = (
				CFCC947220F6B5B700208879 /* Dogs */,
			);
		};
/* End PBXProject section */

/* Begin PBXResourcesBuildPhase section */
		CFCC947120F6B5B700208879 /* Resources */ = {
			isa = PBXResourcesBuildPhase;
			buildActionMask = 2147483647;
			files = (
				CFCC948C20F6B9F400208879 /* uploadPic.jpg in Resources */,
				CFCC948420F6B5B800208879 /* LaunchScreen.storyboard in Resources */,
				CFCC948120F6B5B800208879 /* Assets.xcassets in Resources */,
				CFCC947C20F6B5B700208879 /* Main.storyboard in Resources */,
			);
			runOnlyForDeploymentPostprocessing = 0;
		};
/* End PBXResourcesBuildPhase section */

/* Begin PBXSourcesBuildPhase section */
		CFCC946F20F6B5B700208879 /* Sources */ = {
			isa = PBXSourcesBuildPhase;
			buildActionMask = 2147483647;
			files = (
				CFCC948E20F6BC1000208879 /* AddVC.swift in Sources */,
				CFCC947920F6B5B700208879 /* ViewController.swift in Sources */,
				CFCC949020F6C8BF00208879 /* CustomCell.swift in Sources */,
				CFCC947F20F6B5B700208879 /* Dogs.xcdatamodeld in Sources */,
				CFCC949220F6DDEF00208879 /* EditVC.swift in Sources */,
				CFCC947720F6B5B700208879 /* AppDelegate.swift in Sources */,
			);
			runOnlyForDeploymentPostprocessing = 0;
		};
/* End PBXSourcesBuildPhase section */

/* Begin PBXVariantGroup section */
		CFCC947A20F6B5B700208879 /* Main.storyboard */ = {
			isa = PBXVariantGroup;
			children = (
				CFCC947B20F6B5B700208879 /* Base */,
			);
			name = Main.storyboard;
			sourceTree = "<group>";
		};
		CFCC948220F6B5B800208879 /* LaunchScreen.storyboard */ = {
			isa = PBXVariantGroup;
			children = (
				CFCC948320F6B5B800208879 /* Base */,
			);
			name = LaunchScreen.storyboard;
			sourceTree = "<group>";
		};
/* End PBXVariantGroup section */

/* Begin XCBuildConfiguration section */
		CFCC948620F6B5B800208879 /* Debug */ = {
			isa = XCBuildConfiguration;
			buildSettings = {
				ALWAYS_SEARCH_USER_PATHS = NO;
				CLANG_ANALYZER_NONNULL = YES;
				CLANG_ANALYZER_NUMBER_OBJECT_CONVERSION = YES_AGGRESSIVE;
				CLANG_CXX_LANGUAGE_STANDARD = "gnu++14";
				CLANG_CXX_LIBRARY = "libc++";
				CLANG_ENABLE_MODULES = YES;
				CLANG_ENABLE_OBJC_ARC = YES;
				CLANG_ENABLE_OBJC_WEAK = YES;
				CLANG_WARN_BLOCK_CAPTURE_AUTORELEASING = YES;
				CLANG_WARN_BOOL_CONVERSION = YES;
				CLANG_WARN_COMMA = YES;
				CLANG_WARN_CONSTANT_CONVERSION = YES;
				CLANG_WARN_DEPRECATED_OBJC_IMPLEMENTATIONS = YES;
				CLANG_WARN_DIRECT_OBJC_ISA_USAGE = YES_ERROR;
				CLANG_WARN_DOCUMENTATION_COMMENTS = YES;
				CLANG_WARN_EMPTY_BODY = YES;
				CLANG_WARN_ENUM_CONVERSION = YES;
				CLANG_WARN_INFINITE_RECURSION = YES;
				CLANG_WARN_INT_CONVERSION = YES;
				CLANG_WARN_NON_LITERAL_NULL_CONVERSION = YES;
				CLANG_WARN_OBJC_IMPLICIT_RETAIN_SELF = YES;
				CLANG_WARN_OBJC_LITERAL_CONVERSION = YES;
				CLANG_WARN_OBJC_ROOT_CLASS = YES_ERROR;
				CLANG_WARN_RANGE_LOOP_ANALYSIS = YES;
				CLANG_WARN_STRICT_PROTOTYPES = YES;
				CLANG_WARN_SUSPICIOUS_MOVE = YES;
				CLANG_WARN_UNGUARDED_AVAILABILITY = YES_AGGRESSIVE;
				CLANG_WARN_UNREACHABLE_CODE = YES;
				CLANG_WARN__DUPLICATE_METHOD_MATCH = YES;
				CODE_SIGN_IDENTITY = "iPhone Developer";
				COPY_PHASE_STRIP = NO;
				DEBUG_INFORMATION_FORMAT = dwarf;
				ENABLE_STRICT_OBJC_MSGSEND = YES;
				ENABLE_TESTABILITY = YES;
				GCC_C_LANGUAGE_STANDARD = gnu11;
				GCC_DYNAMIC_NO_PIC = NO;
				GCC_NO_COMMON_BLOCKS = YES;
				GCC_OPTIMIZATION_LEVEL = 0;
				GCC_PREPROCESSOR_DEFINITIONS = (
					"DEBUG=1",
					"$(inherited)",
				);
				GCC_WARN_64_TO_32_BIT_CONVERSION = YES;
				GCC_WARN_ABOUT_RETURN_TYPE = YES_ERROR;
				GCC_WARN_UNDECLARED_SELECTOR = YES;
				GCC_WARN_UNINITIALIZED_AUTOS = YES_AGGRESSIVE;
				GCC_WARN_UNUSED_FUNCTION = YES;
				GCC_WARN_UNUSED_VARIABLE = YES;
				IPHONEOS_DEPLOYMENT_TARGET = 11.4;
				MTL_ENABLE_DEBUG_INFO = YES;
				ONLY_ACTIVE_ARCH = YES;
				SDKROOT = iphoneos;
				SWIFT_ACTIVE_COMPILATION_CONDITIONS = DEBUG;
				SWIFT_OPTIMIZATION_LEVEL = "-Onone";
			};
			name = Debug;
		};
		CFCC948720F6B5B800208879 /* Release */ = {
			isa = XCBuildConfiguration;
			buildSettings = {
				ALWAYS_SEARCH_USER_PATHS = NO;
				CLANG_ANALYZER_NONNULL = YES;
				CLANG_ANALYZER_NUMBER_OBJECT_CONVERSION = YES_AGGRESSIVE;
				CLANG_CXX_LANGUAGE_STANDARD = "gnu++14";
				CLANG_CXX_LIBRARY = "libc++";
				CLANG_ENABLE_MODULES = YES;
				CLANG_ENABLE_OBJC_ARC = YES;
				CLANG_ENABLE_OBJC_WEAK = YES;
				CLANG_WARN_BLOCK_CAPTURE_AUTORELEASING = YES;
				CLANG_WARN_BOOL_CONVERSION = YES;
				CLANG_WARN_COMMA = YES;
				CLANG_WARN_CONSTANT_CONVERSION = YES;
				CLANG_WARN_DEPRECATED_OBJC_IMPLEMENTATIONS = YES;
				CLANG_WARN_DIRECT_OBJC_ISA_USAGE = YES_ERROR;
				CLANG_WARN_DOCUMENTATION_COMMENTS = YES;
				CLANG_WARN_EMPTY_BODY = YES;
				CLANG_WARN_ENUM_CONVERSION = YES;
				CLANG_WARN_INFINITE_RECURSION = YES;
				CLANG_WARN_INT_CONVERSION = YES;
				CLANG_WARN_NON_LITERAL_NULL_CONVERSION = YES;
				CLANG_WARN_OBJC_IMPLICIT_RETAIN_SELF = YES;
				CLANG_WARN_OBJC_LITERAL_CONVERSION = YES;
				CLANG_WARN_OBJC_ROOT_CLASS = YES_ERROR;
				CLANG_WARN_RANGE_LOOP_ANALYSIS = YES;
				CLANG_WARN_STRICT_PROTOTYPES = YES;
				CLANG_WARN_SUSPICIOUS_MOVE = YES;
				CLANG_WARN_UNGUARDED_AVAILABILITY = YES_AGGRESSIVE;
				CLANG_WARN_UNREACHABLE_CODE = YES;
				CLANG_WARN__DUPLICATE_METHOD_MATCH = YES;
				CODE_SIGN_IDENTITY = "iPhone Developer";
				COPY_PHASE_STRIP = NO;
				DEBUG_INFORMATION_FORMAT = "dwarf-with-dsym";
				ENABLE_NS_ASSERTIONS = NO;
				ENABLE_STRICT_OBJC_MSGSEND = YES;
				GCC_C_LANGUAGE_STANDARD = gnu11;
				GCC_NO_COMMON_BLOCKS = YES;
				GCC_WARN_64_TO_32_BIT_CONVERSION = YES;
				GCC_WARN_ABOUT_RETURN_TYPE = YES_ERROR;
				GCC_WARN_UNDECLARED_SELECTOR = YES;
				GCC_WARN_UNINITIALIZED_AUTOS = YES_AGGRESSIVE;
				GCC_WARN_UNUSED_FUNCTION = YES;
				GCC_WARN_UNUSED_VARIABLE = YES;
				IPHONEOS_DEPLOYMENT_TARGET = 11.4;
				MTL_ENABLE_DEBUG_INFO = NO;
				SDKROOT = iphoneos;
				SWIFT_COMPILATION_MODE = wholemodule;
				SWIFT_OPTIMIZATION_LEVEL = "-O";
				VALIDATE_PRODUCT = YES;
			};
			name = Release;
		};
		CFCC948920F6B5B800208879 /* Debug */ = {
			isa = XCBuildConfiguration;
			buildSettings = {
				ASSETCATALOG_COMPILER_APPICON_NAME = AppIcon;
				CODE_SIGN_STYLE = Automatic;
				DEVELOPMENT_TEAM = VQ9PY5C74Q;
				INFOPLIST_FILE = Dogs/Info.plist;
				LD_RUNPATH_SEARCH_PATHS = (
					"$(inherited)",
					"@executable_path/Frameworks",
				);
				PRODUCT_BUNDLE_IDENTIFIER = com.ashwinmahesh.Dogs;
				PRODUCT_NAME = "$(TARGET_NAME)";
				SWIFT_VERSION = 4.0;
				TARGETED_DEVICE_FAMILY = "1,2";
			};
			name = Debug;
		};
		CFCC948A20F6B5B800208879 /* Release */ = {
			isa = XCBuildConfiguration;
			buildSettings = {
				ASSETCATALOG_COMPILER_APPICON_NAME = AppIcon;
				CODE_SIGN_STYLE = Automatic;
				DEVELOPMENT_TEAM = VQ9PY5C74Q;
				INFOPLIST_FILE = Dogs/Info.plist;
				LD_RUNPATH_SEARCH_PATHS = (
					"$(inherited)",
					"@executable_path/Frameworks",
				);
				PRODUCT_BUNDLE_IDENTIFIER = com.ashwinmahesh.Dogs;
				PRODUCT_NAME = "$(TARGET_NAME)";
				SWIFT_VERSION = 4.0;
				TARGETED_DEVICE_FAMILY = "1,2";
			};
			name = Release;
		};
/* End XCBuildConfiguration section */

/* Begin XCConfigurationList section */
		CFCC946E20F6B5B700208879 /* Build configuration list for PBXProject "Dogs" */ = {
			isa = XCConfigurationList;
			buildConfigurations = (
				CFCC948620F6B5B800208879 /* Debug */,
				CFCC948720F6B5B800208879 /* Release */,
			);
			defaultConfigurationIsVisible = 0;
			defaultConfigurationName = Release;
		};
		CFCC948820F6B5B800208879 /* Build configuration list for PBXNativeTarget "Dogs" */ = {
			isa = XCConfigurationList;
			buildConfigurations = (
				CFCC948920F6B5B800208879 /* Debug */,
				CFCC948A20F6B5B800208879 /* Release */,
			);
			defaultConfigurationIsVisible = 0;
			defaultConfigurationName = Release;
		};
/* End XCConfigurationList section */

/* Begin XCVersionGroup section */
		CFCC947D20F6B5B700208879 /* Dogs.xcdatamodeld */ = {
			isa = XCVersionGroup;
			children = (
				CFCC947E20F6B5B700208879 /* Dogs.xcdatamodel */,
			);
			currentVersion = CFCC947E20F6B5B700208879 /* Dogs.xcdatamodel */;
			path = Dogs.xcdatamodeld;
			sourceTree = "<group>";
			versionGroupType = wrapper.xcdatamodel;
		};
/* End XCVersionGroup section */
	};
	rootObject = CFCC946B20F6B5B700208879 /* Project object */;
}
